// !$*UTF8*$!
{
	archiveVersion = 1;
	classes = {
	};
	objectVersion = 50;
	objects = {

/* Begin PBXBuildFile section */
		1B5C6C44516CE170DB0E8E8D /* Pods_iTunesFinder.framework in Frameworks */ = {isa = PBXBuildFile; fileRef = F10326D4CF8FF2FE074ABC59 /* Pods_iTunesFinder.framework */; };
		CE0F06A320FE963D00D0F88A /* IFMainMovieViewCell.swift in Sources */ = {isa = PBXBuildFile; fileRef = CE0F06A220FE963D00D0F88A /* IFMainMovieViewCell.swift */; };
		CE0F06A520FE964F00D0F88A /* IFMainTvShowViewCell.swift in Sources */ = {isa = PBXBuildFile; fileRef = CE0F06A420FE964F00D0F88A /* IFMainTvShowViewCell.swift */; };
		CE2B08932100D3DA004D7D0B /* IFLandingMainViewPresenterTests.swift in Sources */ = {isa = PBXBuildFile; fileRef = CE2B08922100D3DA004D7D0B /* IFLandingMainViewPresenterTests.swift */; };
		CE56ED5920F660B2002685BF /* AppDelegate.swift in Sources */ = {isa = PBXBuildFile; fileRef = CE56ED5820F660B2002685BF /* AppDelegate.swift */; };
		CE56ED5E20F660B2002685BF /* Main.storyboard in Resources */ = {isa = PBXBuildFile; fileRef = CE56ED5C20F660B2002685BF /* Main.storyboard */; };
		CE56ED6020F660B5002685BF /* Assets.xcassets in Resources */ = {isa = PBXBuildFile; fileRef = CE56ED5F20F660B5002685BF /* Assets.xcassets */; };
		CE56ED6320F660B5002685BF /* LaunchScreen.storyboard in Resources */ = {isa = PBXBuildFile; fileRef = CE56ED6120F660B5002685BF /* LaunchScreen.storyboard */; };
		CE56ED7D20F66533002685BF /* IFLandingMainViewController.swift in Sources */ = {isa = PBXBuildFile; fileRef = CE56ED7C20F66533002685BF /* IFLandingMainViewController.swift */; };
		CE56ED7F20F67835002685BF /* IFLandingMainViewPresenter.swift in Sources */ = {isa = PBXBuildFile; fileRef = CE56ED7E20F67835002685BF /* IFLandingMainViewPresenter.swift */; };
		CE56ED8120F67922002685BF /* IFSearchService.swift in Sources */ = {isa = PBXBuildFile; fileRef = CE56ED8020F67922002685BF /* IFSearchService.swift */; };
		CE56ED8520F679EF002685BF /* IFSearchItunesProvider.swift in Sources */ = {isa = PBXBuildFile; fileRef = CE56ED8420F679EF002685BF /* IFSearchItunesProvider.swift */; };
		CE7E076A20FCDF7800D6CAF6 /* IFElementModel.swift in Sources */ = {isa = PBXBuildFile; fileRef = CE7E076920FCDF7800D6CAF6 /* IFElementModel.swift */; };
		CE7E076D20FCF65200D6CAF6 /* IFConstants.swift in Sources */ = {isa = PBXBuildFile; fileRef = CE7E076C20FCF65200D6CAF6 /* IFConstants.swift */; };
		CE7E076F20FD3B5600D6CAF6 /* IFLandingMainViewControllerProtocol.swift in Sources */ = {isa = PBXBuildFile; fileRef = CE7E076E20FD3B5600D6CAF6 /* IFLandingMainViewControllerProtocol.swift */; };
		CE7E077120FD3ECD00D6CAF6 /* IFLandingMainViewPresenterProtocol.swift in Sources */ = {isa = PBXBuildFile; fileRef = CE7E077020FD3ECD00D6CAF6 /* IFLandingMainViewPresenterProtocol.swift */; };
		CE7E07752100522000D6CAF6 /* IFLoadingIndicatorView.swift in Sources */ = {isa = PBXBuildFile; fileRef = CE7E07742100522000D6CAF6 /* IFLoadingIndicatorView.swift */; };
		CE93D73020F6CDD500A22035 /* IFSearchRequest.swift in Sources */ = {isa = PBXBuildFile; fileRef = CE93D72F20F6CDD500A22035 /* IFSearchRequest.swift */; };
		CE93D73220F6CDEA00A22035 /* IFSearchResponse.swift in Sources */ = {isa = PBXBuildFile; fileRef = CE93D73120F6CDEA00A22035 /* IFSearchResponse.swift */; };
		CEFD0A0720F7915100CB4073 /* IFMainMusicViewCell.swift in Sources */ = {isa = PBXBuildFile; fileRef = CEFD0A0620F7915100CB4073 /* IFMainMusicViewCell.swift */; };
		EFE4DDC0BCB25D40D888EEF8 /* Pods_iTunesFinderTests.framework in Frameworks */ = {isa = PBXBuildFile; fileRef = A9D2BEE73C439621A811F711 /* Pods_iTunesFinderTests.framework */; };
/* End PBXBuildFile section */

/* Begin PBXContainerItemProxy section */
		CE56ED6A20F660B6002685BF /* PBXContainerItemProxy */ = {
			isa = PBXContainerItemProxy;
			containerPortal = CE56ED4D20F660B2002685BF /* Project object */;
			proxyType = 1;
			remoteGlobalIDString = CE56ED5420F660B2002685BF;
			remoteInfo = iTunesFinder;
		};
/* End PBXContainerItemProxy section */

/* Begin PBXFileReference section */
		038B0EDF353B7A2761BAC5C8 /* Pods-iTunesFinder.debug.xcconfig */ = {isa = PBXFileReference; includeInIndex = 1; lastKnownFileType = text.xcconfig; name = "Pods-iTunesFinder.debug.xcconfig"; path = "Pods/Target Support Files/Pods-iTunesFinder/Pods-iTunesFinder.debug.xcconfig"; sourceTree = "<group>"; };
		6540B505735340101B88F917 /* Pods-iTunesFinder.release.xcconfig */ = {isa = PBXFileReference; includeInIndex = 1; lastKnownFileType = text.xcconfig; name = "Pods-iTunesFinder.release.xcconfig"; path = "Pods/Target Support Files/Pods-iTunesFinder/Pods-iTunesFinder.release.xcconfig"; sourceTree = "<group>"; };
		7C757E9152DC392589F6EAB5 /* Pods-iTunesFinderTests.debug.xcconfig */ = {isa = PBXFileReference; includeInIndex = 1; lastKnownFileType = text.xcconfig; name = "Pods-iTunesFinderTests.debug.xcconfig"; path = "Pods/Target Support Files/Pods-iTunesFinderTests/Pods-iTunesFinderTests.debug.xcconfig"; sourceTree = "<group>"; };
		A16E81D9BA1AD512B44AD0B3 /* Pods-iTunesFinderTests.release.xcconfig */ = {isa = PBXFileReference; includeInIndex = 1; lastKnownFileType = text.xcconfig; name = "Pods-iTunesFinderTests.release.xcconfig"; path = "Pods/Target Support Files/Pods-iTunesFinderTests/Pods-iTunesFinderTests.release.xcconfig"; sourceTree = "<group>"; };
		A9D2BEE73C439621A811F711 /* Pods_iTunesFinderTests.framework */ = {isa = PBXFileReference; explicitFileType = wrapper.framework; includeInIndex = 0; path = Pods_iTunesFinderTests.framework; sourceTree = BUILT_PRODUCTS_DIR; };
		CE0F06A220FE963D00D0F88A /* IFMainMovieViewCell.swift */ = {isa = PBXFileReference; lastKnownFileType = sourcecode.swift; path = IFMainMovieViewCell.swift; sourceTree = "<group>"; };
		CE0F06A420FE964F00D0F88A /* IFMainTvShowViewCell.swift */ = {isa = PBXFileReference; lastKnownFileType = sourcecode.swift; path = IFMainTvShowViewCell.swift; sourceTree = "<group>"; };
		CE2B08922100D3DA004D7D0B /* IFLandingMainViewPresenterTests.swift */ = {isa = PBXFileReference; lastKnownFileType = sourcecode.swift; path = IFLandingMainViewPresenterTests.swift; sourceTree = "<group>"; };
		CE56ED5520F660B2002685BF /* iTunesFinder.app */ = {isa = PBXFileReference; explicitFileType = wrapper.application; includeInIndex = 0; path = iTunesFinder.app; sourceTree = BUILT_PRODUCTS_DIR; };
		CE56ED5820F660B2002685BF /* AppDelegate.swift */ = {isa = PBXFileReference; lastKnownFileType = sourcecode.swift; path = AppDelegate.swift; sourceTree = "<group>"; };
		CE56ED5D20F660B2002685BF /* Base */ = {isa = PBXFileReference; lastKnownFileType = file.storyboard; name = Base; path = Base.lproj/Main.storyboard; sourceTree = "<group>"; };
		CE56ED5F20F660B5002685BF /* Assets.xcassets */ = {isa = PBXFileReference; lastKnownFileType = folder.assetcatalog; path = Assets.xcassets; sourceTree = "<group>"; };
		CE56ED6220F660B5002685BF /* Base */ = {isa = PBXFileReference; lastKnownFileType = file.storyboard; name = Base; path = Base.lproj/LaunchScreen.storyboard; sourceTree = "<group>"; };
		CE56ED6420F660B5002685BF /* Info.plist */ = {isa = PBXFileReference; lastKnownFileType = text.plist.xml; path = Info.plist; sourceTree = "<group>"; };
		CE56ED6920F660B6002685BF /* iTunesFinderTests.xctest */ = {isa = PBXFileReference; explicitFileType = wrapper.cfbundle; includeInIndex = 0; path = iTunesFinderTests.xctest; sourceTree = BUILT_PRODUCTS_DIR; };
		CE56ED6F20F660B6002685BF /* Info.plist */ = {isa = PBXFileReference; lastKnownFileType = text.plist.xml; path = Info.plist; sourceTree = "<group>"; };
		CE56ED7C20F66533002685BF /* IFLandingMainViewController.swift */ = {isa = PBXFileReference; lastKnownFileType = sourcecode.swift; path = IFLandingMainViewController.swift; sourceTree = "<group>"; };
		CE56ED7E20F67835002685BF /* IFLandingMainViewPresenter.swift */ = {isa = PBXFileReference; lastKnownFileType = sourcecode.swift; path = IFLandingMainViewPresenter.swift; sourceTree = "<group>"; };
		CE56ED8020F67922002685BF /* IFSearchService.swift */ = {isa = PBXFileReference; lastKnownFileType = sourcecode.swift; path = IFSearchService.swift; sourceTree = "<group>"; };
		CE56ED8420F679EF002685BF /* IFSearchItunesProvider.swift */ = {isa = PBXFileReference; lastKnownFileType = sourcecode.swift; path = IFSearchItunesProvider.swift; sourceTree = "<group>"; };
		CE7E076920FCDF7800D6CAF6 /* IFElementModel.swift */ = {isa = PBXFileReference; lastKnownFileType = sourcecode.swift; path = IFElementModel.swift; sourceTree = "<group>"; };
		CE7E076C20FCF65200D6CAF6 /* IFConstants.swift */ = {isa = PBXFileReference; lastKnownFileType = sourcecode.swift; path = IFConstants.swift; sourceTree = "<group>"; };
		CE7E076E20FD3B5600D6CAF6 /* IFLandingMainViewControllerProtocol.swift */ = {isa = PBXFileReference; lastKnownFileType = sourcecode.swift; path = IFLandingMainViewControllerProtocol.swift; sourceTree = "<group>"; };
		CE7E077020FD3ECD00D6CAF6 /* IFLandingMainViewPresenterProtocol.swift */ = {isa = PBXFileReference; lastKnownFileType = sourcecode.swift; path = IFLandingMainViewPresenterProtocol.swift; sourceTree = "<group>"; };
		CE7E07742100522000D6CAF6 /* IFLoadingIndicatorView.swift */ = {isa = PBXFileReference; lastKnownFileType = sourcecode.swift; path = IFLoadingIndicatorView.swift; sourceTree = "<group>"; };
		CE93D72F20F6CDD500A22035 /* IFSearchRequest.swift */ = {isa = PBXFileReference; lastKnownFileType = sourcecode.swift; path = IFSearchRequest.swift; sourceTree = "<group>"; };
		CE93D73120F6CDEA00A22035 /* IFSearchResponse.swift */ = {isa = PBXFileReference; lastKnownFileType = sourcecode.swift; path = IFSearchResponse.swift; sourceTree = "<group>"; };
		CEFD0A0620F7915100CB4073 /* IFMainMusicViewCell.swift */ = {isa = PBXFileReference; lastKnownFileType = sourcecode.swift; path = IFMainMusicViewCell.swift; sourceTree = "<group>"; };
		F10326D4CF8FF2FE074ABC59 /* Pods_iTunesFinder.framework */ = {isa = PBXFileReference; explicitFileType = wrapper.framework; includeInIndex = 0; path = Pods_iTunesFinder.framework; sourceTree = BUILT_PRODUCTS_DIR; };
/* End PBXFileReference section */

/* Begin PBXFrameworksBuildPhase section */
		CE56ED5220F660B2002685BF /* Frameworks */ = {
			isa = PBXFrameworksBuildPhase;
			buildActionMask = 2147483647;
			files = (
				1B5C6C44516CE170DB0E8E8D /* Pods_iTunesFinder.framework in Frameworks */,
			);
			runOnlyForDeploymentPostprocessing = 0;
		};
		CE56ED6620F660B6002685BF /* Frameworks */ = {
			isa = PBXFrameworksBuildPhase;
			buildActionMask = 2147483647;
			files = (
				EFE4DDC0BCB25D40D888EEF8 /* Pods_iTunesFinderTests.framework in Frameworks */,
			);
			runOnlyForDeploymentPostprocessing = 0;
		};
/* End PBXFrameworksBuildPhase section */

/* Begin PBXGroup section */
		6E165DD039FB0B583DFF3B14 /* Pods */ = {
			isa = PBXGroup;
			children = (
				038B0EDF353B7A2761BAC5C8 /* Pods-iTunesFinder.debug.xcconfig */,
				6540B505735340101B88F917 /* Pods-iTunesFinder.release.xcconfig */,
				7C757E9152DC392589F6EAB5 /* Pods-iTunesFinderTests.debug.xcconfig */,
				A16E81D9BA1AD512B44AD0B3 /* Pods-iTunesFinderTests.release.xcconfig */,
			);
			name = Pods;
			sourceTree = "<group>";
		};
		784105D612004A5B6EEBA66D /* Frameworks */ = {
			isa = PBXGroup;
			children = (
				F10326D4CF8FF2FE074ABC59 /* Pods_iTunesFinder.framework */,
				A9D2BEE73C439621A811F711 /* Pods_iTunesFinderTests.framework */,
			);
			name = Frameworks;
			sourceTree = "<group>";
		};
		CE0F06A020FE7DC600D0F88A /* Protocols */ = {
			isa = PBXGroup;
			children = (
				CE7E077020FD3ECD00D6CAF6 /* IFLandingMainViewPresenterProtocol.swift */,
			);
			path = Protocols;
			sourceTree = "<group>";
		};
		CE0F06A120FE7DCD00D0F88A /* Protocols */ = {
			isa = PBXGroup;
			children = (
				CE7E076E20FD3B5600D6CAF6 /* IFLandingMainViewControllerProtocol.swift */,
			);
			path = Protocols;
			sourceTree = "<group>";
		};
		CE133E1F20F8EC1F000B89D0 /* Service */ = {
			isa = PBXGroup;
			children = (
				CE93D72F20F6CDD500A22035 /* IFSearchRequest.swift */,
				CE93D73120F6CDEA00A22035 /* IFSearchResponse.swift */,
				CE56ED8020F67922002685BF /* IFSearchService.swift */,
			);
			path = Service;
			sourceTree = "<group>";
		};
		CE133E2020F8EC2C000B89D0 /* Provider */ = {
			isa = PBXGroup;
			children = (
				CE56ED8420F679EF002685BF /* IFSearchItunesProvider.swift */,
			);
			path = Provider;
			sourceTree = "<group>";
		};
		CE56ED4C20F660B2002685BF = {
			isa = PBXGroup;
			children = (
				CE56ED5720F660B2002685BF /* iTunesFinder */,
				CE56ED6C20F660B6002685BF /* iTunesFinderTests */,
				CE56ED5620F660B2002685BF /* Products */,
				6E165DD039FB0B583DFF3B14 /* Pods */,
				784105D612004A5B6EEBA66D /* Frameworks */,
			);
			sourceTree = "<group>";
		};
		CE56ED5620F660B2002685BF /* Products */ = {
			isa = PBXGroup;
			children = (
				CE56ED5520F660B2002685BF /* iTunesFinder.app */,
				CE56ED6920F660B6002685BF /* iTunesFinderTests.xctest */,
			);
			name = Products;
			sourceTree = "<group>";
		};
		CE56ED5720F660B2002685BF /* iTunesFinder */ = {
			isa = PBXGroup;
			children = (
				CE7E076B20FCF64400D6CAF6 /* Utils */,
				CE56ED7B20F664D2002685BF /* Presenter */,
				CE56ED7A20F664CA002685BF /* View */,
				CE56ED7920F664C1002685BF /* Model */,
				CE56ED7820F66493002685BF /* Supporting Files */,
			);
			path = iTunesFinder;
			sourceTree = "<group>";
		};
		CE56ED6C20F660B6002685BF /* iTunesFinderTests */ = {
			isa = PBXGroup;
			children = (
				CE56ED6F20F660B6002685BF /* Info.plist */,
				CE2B08922100D3DA004D7D0B /* IFLandingMainViewPresenterTests.swift */,
			);
			path = iTunesFinderTests;
			sourceTree = "<group>";
		};
		CE56ED7820F66493002685BF /* Supporting Files */ = {
			isa = PBXGroup;
			children = (
				CE56ED5820F660B2002685BF /* AppDelegate.swift */,
				CE56ED5C20F660B2002685BF /* Main.storyboard */,
				CE56ED5F20F660B5002685BF /* Assets.xcassets */,
				CE56ED6120F660B5002685BF /* LaunchScreen.storyboard */,
				CE56ED6420F660B5002685BF /* Info.plist */,
			);
			path = "Supporting Files";
			sourceTree = "<group>";
		};
		CE56ED7920F664C1002685BF /* Model */ = {
			isa = PBXGroup;
			children = (
				CE133E2020F8EC2C000B89D0 /* Provider */,
				CE133E1F20F8EC1F000B89D0 /* Service */,
				CE7E076920FCDF7800D6CAF6 /* IFElementModel.swift */,
			);
			path = Model;
			sourceTree = "<group>";
		};
		CE56ED7A20F664CA002685BF /* View */ = {
			isa = PBXGroup;
			children = (
				CE0F06A120FE7DCD00D0F88A /* Protocols */,
				CE56ED7C20F66533002685BF /* IFLandingMainViewController.swift */,
				CEFD0A0620F7915100CB4073 /* IFMainMusicViewCell.swift */,
				CE0F06A220FE963D00D0F88A /* IFMainMovieViewCell.swift */,
				CE0F06A420FE964F00D0F88A /* IFMainTvShowViewCell.swift */,
			);
			path = View;
			sourceTree = "<group>";
		};
		CE56ED7B20F664D2002685BF /* Presenter */ = {
			isa = PBXGroup;
			children = (
				CE0F06A020FE7DC600D0F88A /* Protocols */,
				CE56ED7E20F67835002685BF /* IFLandingMainViewPresenter.swift */,
			);
			path = Presenter;
			sourceTree = "<group>";
		};
		CE7E076B20FCF64400D6CAF6 /* Utils */ = {
			isa = PBXGroup;
			children = (
				CE7E076C20FCF65200D6CAF6 /* IFConstants.swift */,
				CE7E07742100522000D6CAF6 /* IFLoadingIndicatorView.swift */,
			);
			path = Utils;
			sourceTree = "<group>";
		};
/* End PBXGroup section */

/* Begin PBXNativeTarget section */
		CE56ED5420F660B2002685BF /* iTunesFinder */ = {
			isa = PBXNativeTarget;
			buildConfigurationList = CE56ED7220F660B6002685BF /* Build configuration list for PBXNativeTarget "iTunesFinder" */;
			buildPhases = (
				807B454755502E795769C818 /* [CP] Check Pods Manifest.lock */,
				CE56ED5120F660B2002685BF /* Sources */,
				CE56ED5220F660B2002685BF /* Frameworks */,
				CE56ED5320F660B2002685BF /* Resources */,
				29D0913372736523E4322542 /* [CP] Embed Pods Frameworks */,
				73E862CDB8D2A11BC97F0CBD /* [CP] Copy Pods Resources */,
			);
			buildRules = (
			);
			dependencies = (
			);
			name = iTunesFinder;
			productName = iTunesFinder;
			productReference = CE56ED5520F660B2002685BF /* iTunesFinder.app */;
			productType = "com.apple.product-type.application";
		};
		CE56ED6820F660B6002685BF /* iTunesFinderTests */ = {
			isa = PBXNativeTarget;
			buildConfigurationList = CE56ED7520F660B6002685BF /* Build configuration list for PBXNativeTarget "iTunesFinderTests" */;
			buildPhases = (
				CB307A52B3FB29D833C58027 /* [CP] Check Pods Manifest.lock */,
				CE56ED6520F660B6002685BF /* Sources */,
				CE56ED6620F660B6002685BF /* Frameworks */,
				CE56ED6720F660B6002685BF /* Resources */,
				06AE27393FD5D9A389AECF2E /* [CP] Embed Pods Frameworks */,
				8EFB415AEE5BCE4F5570044D /* [CP] Copy Pods Resources */,
			);
			buildRules = (
			);
			dependencies = (
				CE56ED6B20F660B6002685BF /* PBXTargetDependency */,
			);
			name = iTunesFinderTests;
			productName = iTunesFinderTests;
			productReference = CE56ED6920F660B6002685BF /* iTunesFinderTests.xctest */;
			productType = "com.apple.product-type.bundle.unit-test";
		};
/* End PBXNativeTarget section */

/* Begin PBXProject section */
		CE56ED4D20F660B2002685BF /* Project object */ = {
			isa = PBXProject;
			attributes = {
				LastSwiftUpdateCheck = 0940;
				LastUpgradeCheck = 0940;
				ORGANIZATIONNAME = FRisma;
				TargetAttributes = {
					CE56ED5420F660B2002685BF = {
						CreatedOnToolsVersion = 9.4.1;
						LastSwiftMigration = 0930;
					};
					CE56ED6820F660B6002685BF = {
						CreatedOnToolsVersion = 9.4.1;
						LastSwiftMigration = 0940;
						TestTargetID = CE56ED5420F660B2002685BF;
					};
				};
			};
			buildConfigurationList = CE56ED5020F660B2002685BF /* Build configuration list for PBXProject "iTunesFinder" */;
			compatibilityVersion = "Xcode 9.3";
			developmentRegion = en;
			hasScannedForEncodings = 0;
			knownRegions = (
				en,
				Base,
			);
			mainGroup = CE56ED4C20F660B2002685BF;
			productRefGroup = CE56ED5620F660B2002685BF /* Products */;
			projectDirPath = "";
			projectRoot = "";
			targets = (
				CE56ED5420F660B2002685BF /* iTunesFinder */,
				CE56ED6820F660B6002685BF /* iTunesFinderTests */,
			);
		};
/* End PBXProject section */

/* Begin PBXResourcesBuildPhase section */
		CE56ED5320F660B2002685BF /* Resources */ = {
			isa = PBXResourcesBuildPhase;
			buildActionMask = 2147483647;
			files = (
				CE56ED6320F660B5002685BF /* LaunchScreen.storyboard in Resources */,
				CE56ED6020F660B5002685BF /* Assets.xcassets in Resources */,
				CE56ED5E20F660B2002685BF /* Main.storyboard in Resources */,
			);
			runOnlyForDeploymentPostprocessing = 0;
		};
		CE56ED6720F660B6002685BF /* Resources */ = {
			isa = PBXResourcesBuildPhase;
			buildActionMask = 2147483647;
			files = (
			);
			runOnlyForDeploymentPostprocessing = 0;
		};
/* End PBXResourcesBuildPhase section */

/* Begin PBXShellScriptBuildPhase section */
		06AE27393FD5D9A389AECF2E /* [CP] Embed Pods Frameworks */ = {
			isa = PBXShellScriptBuildPhase;
			buildActionMask = 2147483647;
			files = (
			);
			inputPaths = (
			);
			name = "[CP] Embed Pods Frameworks";
			outputPaths = (
			);
			runOnlyForDeploymentPostprocessing = 0;
			shellPath = /bin/sh;
			shellScript = "\"${SRCROOT}/Pods/Target Support Files/Pods-iTunesFinderTests/Pods-iTunesFinderTests-frameworks.sh\"\n";
			showEnvVarsInLog = 0;
		};
		29D0913372736523E4322542 /* [CP] Embed Pods Frameworks */ = {
			isa = PBXShellScriptBuildPhase;
			buildActionMask = 2147483647;
			files = (
			);
			inputPaths = (
				"${SRCROOT}/Pods/Target Support Files/Pods-iTunesFinder/Pods-iTunesFinder-frameworks.sh",
				"${BUILT_PRODUCTS_DIR}/Alamofire/Alamofire.framework",
				"${BUILT_PRODUCTS_DIR}/AlamofireImage/AlamofireImage.framework",
				"${BUILT_PRODUCTS_DIR}/AlamofireNetworkActivityLogger/AlamofireNetworkActivityLogger.framework",
				"${BUILT_PRODUCTS_DIR}/ObjectMapper/ObjectMapper.framework",
				"${BUILT_PRODUCTS_DIR}/SnapKit/SnapKit.framework",
			);
			name = "[CP] Embed Pods Frameworks";
			outputPaths = (
				"${TARGET_BUILD_DIR}/${FRAMEWORKS_FOLDER_PATH}/Alamofire.framework",
				"${TARGET_BUILD_DIR}/${FRAMEWORKS_FOLDER_PATH}/AlamofireImage.framework",
				"${TARGET_BUILD_DIR}/${FRAMEWORKS_FOLDER_PATH}/AlamofireNetworkActivityLogger.framework",
				"${TARGET_BUILD_DIR}/${FRAMEWORKS_FOLDER_PATH}/ObjectMapper.framework",
				"${TARGET_BUILD_DIR}/${FRAMEWORKS_FOLDER_PATH}/SnapKit.framework",
			);
			runOnlyForDeploymentPostprocessing = 0;
			shellPath = /bin/sh;
			shellScript = "\"${SRCROOT}/Pods/Target Support Files/Pods-iTunesFinder/Pods-iTunesFinder-frameworks.sh\"\n";
			showEnvVarsInLog = 0;
		};
		73E862CDB8D2A11BC97F0CBD /* [CP] Copy Pods Resources */ = {
			isa = PBXShellScriptBuildPhase;
			buildActionMask = 2147483647;
			files = (
			);
			inputPaths = (
			);
			name = "[CP] Copy Pods Resources";
			outputPaths = (
			);
			runOnlyForDeploymentPostprocessing = 0;
			shellPath = /bin/sh;
			shellScript = "\"${SRCROOT}/Pods/Target Support Files/Pods-iTunesFinder/Pods-iTunesFinder-resources.sh\"\n";
			showEnvVarsInLog = 0;
		};
		807B454755502E795769C818 /* [CP] Check Pods Manifest.lock */ = {
			isa = PBXShellScriptBuildPhase;
			buildActionMask = 2147483647;
			files = (
			);
			inputPaths = (
				"${PODS_PODFILE_DIR_PATH}/Podfile.lock",
				"${PODS_ROOT}/Manifest.lock",
			);
			name = "[CP] Check Pods Manifest.lock";
			outputPaths = (
				"$(DERIVED_FILE_DIR)/Pods-iTunesFinder-checkManifestLockResult.txt",
			);
			runOnlyForDeploymentPostprocessing = 0;
			shellPath = /bin/sh;
			shellScript = "diff \"${PODS_PODFILE_DIR_PATH}/Podfile.lock\" \"${PODS_ROOT}/Manifest.lock\" > /dev/null\nif [ $? != 0 ] ; then\n    # print error to STDERR\n    echo \"error: The sandbox is not in sync with the Podfile.lock. Run 'pod install' or update your CocoaPods installation.\" >&2\n    exit 1\nfi\n# This output is used by Xcode 'outputs' to avoid re-running this script phase.\necho \"SUCCESS\" > \"${SCRIPT_OUTPUT_FILE_0}\"\n";
			showEnvVarsInLog = 0;
		};
		8EFB415AEE5BCE4F5570044D /* [CP] Copy Pods Resources */ = {
			isa = PBXShellScriptBuildPhase;
			buildActionMask = 2147483647;
			files = (
			);
			inputPaths = (
			);
			name = "[CP] Copy Pods Resources";
			outputPaths = (
			);
			runOnlyForDeploymentPostprocessing = 0;
			shellPath = /bin/sh;
			shellScript = "\"${SRCROOT}/Pods/Target Support Files/Pods-iTunesFinderTests/Pods-iTunesFinderTests-resources.sh\"\n";
			showEnvVarsInLog = 0;
		};
		CB307A52B3FB29D833C58027 /* [CP] Check Pods Manifest.lock */ = {
			isa = PBXShellScriptBuildPhase;
			buildActionMask = 2147483647;
			files = (
			);
			inputPaths = (
				"${PODS_PODFILE_DIR_PATH}/Podfile.lock",
				"${PODS_ROOT}/Manifest.lock",
			);
			name = "[CP] Check Pods Manifest.lock";
			outputPaths = (
				"$(DERIVED_FILE_DIR)/Pods-iTunesFinderTests-checkManifestLockResult.txt",
			);
			runOnlyForDeploymentPostprocessing = 0;
			shellPath = /bin/sh;
			shellScript = "diff \"${PODS_PODFILE_DIR_PATH}/Podfile.lock\" \"${PODS_ROOT}/Manifest.lock\" > /dev/null\nif [ $? != 0 ] ; then\n    # print error to STDERR\n    echo \"error: The sandbox is not in sync with the Podfile.lock. Run 'pod install' or update your CocoaPods installation.\" >&2\n    exit 1\nfi\n# This output is used by Xcode 'outputs' to avoid re-running this script phase.\necho \"SUCCESS\" > \"${SCRIPT_OUTPUT_FILE_0}\"\n";
			showEnvVarsInLog = 0;
		};
/* End PBXShellScriptBuildPhase section */

/* Begin PBXSourcesBuildPhase section */
		CE56ED5120F660B2002685BF /* Sources */ = {
			isa = PBXSourcesBuildPhase;
			buildActionMask = 2147483647;
			files = (
				CE93D73220F6CDEA00A22035 /* IFSearchResponse.swift in Sources */,
				CE0F06A520FE964F00D0F88A /* IFMainTvShowViewCell.swift in Sources */,
				CE56ED8520F679EF002685BF /* IFSearchItunesProvider.swift in Sources */,
				CE56ED7F20F67835002685BF /* IFLandingMainViewPresenter.swift in Sources */,
				CE93D73020F6CDD500A22035 /* IFSearchRequest.swift in Sources */,
				CE56ED7D20F66533002685BF /* IFLandingMainViewController.swift in Sources */,
				CE7E076F20FD3B5600D6CAF6 /* IFLandingMainViewControllerProtocol.swift in Sources */,
				CE0F06A320FE963D00D0F88A /* IFMainMovieViewCell.swift in Sources */,
				CE56ED8120F67922002685BF /* IFSearchService.swift in Sources */,
				CEFD0A0720F7915100CB4073 /* IFMainMusicViewCell.swift in Sources */,
				CE7E076D20FCF65200D6CAF6 /* IFConstants.swift in Sources */,
				CE7E07752100522000D6CAF6 /* IFLoadingIndicatorView.swift in Sources */,
				CE56ED5920F660B2002685BF /* AppDelegate.swift in Sources */,
				CE7E077120FD3ECD00D6CAF6 /* IFLandingMainViewPresenterProtocol.swift in Sources */,
				CE7E076A20FCDF7800D6CAF6 /* IFElementModel.swift in Sources */,
			);
			runOnlyForDeploymentPostprocessing = 0;
		};
		CE56ED6520F660B6002685BF /* Sources */ = {
			isa = PBXSourcesBuildPhase;
			buildActionMask = 2147483647;
			files = (
				CE2B08932100D3DA004D7D0B /* IFLandingMainViewPresenterTests.swift in Sources */,
			);
			runOnlyForDeploymentPostprocessing = 0;
		};
/* End PBXSourcesBuildPhase section */

/* Begin PBXTargetDependency section */
		CE56ED6B20F660B6002685BF /* PBXTargetDependency */ = {
			isa = PBXTargetDependency;
			target = CE56ED5420F660B2002685BF /* iTunesFinder */;
			targetProxy = CE56ED6A20F660B6002685BF /* PBXContainerItemProxy */;
		};
/* End PBXTargetDependency section */

/* Begin PBXVariantGroup section */
		CE56ED5C20F660B2002685BF /* Main.storyboard */ = {
			isa = PBXVariantGroup;
			children = (
				CE56ED5D20F660B2002685BF /* Base */,
			);
			name = Main.storyboard;
			sourceTree = "<group>";
		};
		CE56ED6120F660B5002685BF /* LaunchScreen.storyboard */ = {
			isa = PBXVariantGroup;
			children = (
				CE56ED6220F660B5002685BF /* Base */,
			);
			name = LaunchScreen.storyboard;
			sourceTree = "<group>";
		};
/* End PBXVariantGroup section */

/* Begin XCBuildConfiguration section */
		CE56ED7020F660B6002685BF /* Debug */ = {
			isa = XCBuildConfiguration;
			buildSettings = {
				ALWAYS_SEARCH_USER_PATHS = NO;
				CLANG_ANALYZER_NONNULL = YES;
				CLANG_ANALYZER_NUMBER_OBJECT_CONVERSION = YES_AGGRESSIVE;
				CLANG_CXX_LANGUAGE_STANDARD = "gnu++14";
				CLANG_CXX_LIBRARY = "libc++";
				CLANG_ENABLE_MODULES = YES;
				CLANG_ENABLE_OBJC_ARC = YES;
				CLANG_ENABLE_OBJC_WEAK = YES;
				CLANG_WARN_BLOCK_CAPTURE_AUTORELEASING = YES;
				CLANG_WARN_BOOL_CONVERSION = YES;
				CLANG_WARN_COMMA = YES;
				CLANG_WARN_CONSTANT_CONVERSION = YES;
				CLANG_WARN_DEPRECATED_OBJC_IMPLEMENTATIONS = YES;
				CLANG_WARN_DIRECT_OBJC_ISA_USAGE = YES_ERROR;
				CLANG_WARN_DOCUMENTATION_COMMENTS = YES;
				CLANG_WARN_EMPTY_BODY = YES;
				CLANG_WARN_ENUM_CONVERSION = YES;
				CLANG_WARN_INFINITE_RECURSION = YES;
				CLANG_WARN_INT_CONVERSION = YES;
				CLANG_WARN_NON_LITERAL_NULL_CONVERSION = YES;
				CLANG_WARN_OBJC_IMPLICIT_RETAIN_SELF = YES;
				CLANG_WARN_OBJC_LITERAL_CONVERSION = YES;
				CLANG_WARN_OBJC_ROOT_CLASS = YES_ERROR;
				CLANG_WARN_RANGE_LOOP_ANALYSIS = YES;
				CLANG_WARN_STRICT_PROTOTYPES = YES;
				CLANG_WARN_SUSPICIOUS_MOVE = YES;
				CLANG_WARN_UNGUARDED_AVAILABILITY = YES_AGGRESSIVE;
				CLANG_WARN_UNREACHABLE_CODE = YES;
				CLANG_WARN__DUPLICATE_METHOD_MATCH = YES;
				CODE_SIGN_IDENTITY = "iPhone Developer";
				COPY_PHASE_STRIP = NO;
				DEBUG_INFORMATION_FORMAT = dwarf;
				ENABLE_STRICT_OBJC_MSGSEND = YES;
				ENABLE_TESTABILITY = YES;
				GCC_C_LANGUAGE_STANDARD = gnu11;
				GCC_DYNAMIC_NO_PIC = NO;
				GCC_NO_COMMON_BLOCKS = YES;
				GCC_OPTIMIZATION_LEVEL = 0;
				GCC_PREPROCESSOR_DEFINITIONS = (
					"DEBUG=1",
					"$(inherited)",
				);
				GCC_WARN_64_TO_32_BIT_CONVERSION = YES;
				GCC_WARN_ABOUT_RETURN_TYPE = YES_ERROR;
				GCC_WARN_UNDECLARED_SELECTOR = YES;
				GCC_WARN_UNINITIALIZED_AUTOS = YES_AGGRESSIVE;
				GCC_WARN_UNUSED_FUNCTION = YES;
				GCC_WARN_UNUSED_VARIABLE = YES;
				IPHONEOS_DEPLOYMENT_TARGET = 11.4;
				MTL_ENABLE_DEBUG_INFO = YES;
				ONLY_ACTIVE_ARCH = YES;
				SDKROOT = iphoneos;
				SWIFT_ACTIVE_COMPILATION_CONDITIONS = DEBUG;
				SWIFT_OPTIMIZATION_LEVEL = "-Onone";
			};
			name = Debug;
		};
		CE56ED7120F660B6002685BF /* Release */ = {
			isa = XCBuildConfiguration;
			buildSettings = {
				ALWAYS_SEARCH_USER_PATHS = NO;
				CLANG_ANALYZER_NONNULL = YES;
				CLANG_ANALYZER_NUMBER_OBJECT_CONVERSION = YES_AGGRESSIVE;
				CLANG_CXX_LANGUAGE_STANDARD = "gnu++14";
				CLANG_CXX_LIBRARY = "libc++";
				CLANG_ENABLE_MODULES = YES;
				CLANG_ENABLE_OBJC_ARC = YES;
				CLANG_ENABLE_OBJC_WEAK = YES;
				CLANG_WARN_BLOCK_CAPTURE_AUTORELEASING = YES;
				CLANG_WARN_BOOL_CONVERSION = YES;
				CLANG_WARN_COMMA = YES;
				CLANG_WARN_CONSTANT_CONVERSION = YES;
				CLANG_WARN_DEPRECATED_OBJC_IMPLEMENTATIONS = YES;
				CLANG_WARN_DIRECT_OBJC_ISA_USAGE = YES_ERROR;
				CLANG_WARN_DOCUMENTATION_COMMENTS = YES;
				CLANG_WARN_EMPTY_BODY = YES;
				CLANG_WARN_ENUM_CONVERSION = YES;
				CLANG_WARN_INFINITE_RECURSION = YES;
				CLANG_WARN_INT_CONVERSION = YES;
				CLANG_WARN_NON_LITERAL_NULL_CONVERSION = YES;
				CLANG_WARN_OBJC_IMPLICIT_RETAIN_SELF = YES;
				CLANG_WARN_OBJC_LITERAL_CONVERSION = YES;
				CLANG_WARN_OBJC_ROOT_CLASS = YES_ERROR;
				CLANG_WARN_RANGE_LOOP_ANALYSIS = YES;
				CLANG_WARN_STRICT_PROTOTYPES = YES;
				CLANG_WARN_SUSPICIOUS_MOVE = YES;
				CLANG_WARN_UNGUARDED_AVAILABILITY = YES_AGGRESSIVE;
				CLANG_WARN_UNREACHABLE_CODE = YES;
				CLANG_WARN__DUPLICATE_METHOD_MATCH = YES;
				CODE_SIGN_IDENTITY = "iPhone Developer";
				COPY_PHASE_STRIP = NO;
				DEBUG_INFORMATION_FORMAT = "dwarf-with-dsym";
				ENABLE_NS_ASSERTIONS = NO;
				ENABLE_STRICT_OBJC_MSGSEND = YES;
				GCC_C_LANGUAGE_STANDARD = gnu11;
				GCC_NO_COMMON_BLOCKS = YES;
				GCC_WARN_64_TO_32_BIT_CONVERSION = YES;
				GCC_WARN_ABOUT_RETURN_TYPE = YES_ERROR;
				GCC_WARN_UNDECLARED_SELECTOR = YES;
				GCC_WARN_UNINITIALIZED_AUTOS = YES_AGGRESSIVE;
				GCC_WARN_UNUSED_FUNCTION = YES;
				GCC_WARN_UNUSED_VARIABLE = YES;
				IPHONEOS_DEPLOYMENT_TARGET = 11.4;
				MTL_ENABLE_DEBUG_INFO = NO;
				SDKROOT = iphoneos;
				SWIFT_COMPILATION_MODE = wholemodule;
				SWIFT_OPTIMIZATION_LEVEL = "-O";
				VALIDATE_PRODUCT = YES;
			};
			name = Release;
		};
		CE56ED7320F660B6002685BF /* Debug */ = {
			isa = XCBuildConfiguration;
			baseConfigurationReference = 038B0EDF353B7A2761BAC5C8 /* Pods-iTunesFinder.debug.xcconfig */;
			buildSettings = {
				ASSETCATALOG_COMPILER_APPICON_NAME = AppIcon;
				CLANG_ENABLE_MODULES = YES;
				CODE_SIGN_STYLE = Automatic;
				DEVELOPMENT_TEAM = Q727LVLNPN;
				INFOPLIST_FILE = "$(SRCROOT)/iTunesFinder/Supporting Files/Info.plist";
				IPHONEOS_DEPLOYMENT_TARGET = 11.3;
				LD_RUNPATH_SEARCH_PATHS = (
					"$(inherited)",
					"@executable_path/Frameworks",
				);
				PRODUCT_BUNDLE_IDENTIFIER = com.frisma.iTunesFinder;
				PRODUCT_NAME = "$(TARGET_NAME)";
				SWIFT_OPTIMIZATION_LEVEL = "-Onone";
				SWIFT_VERSION = 4.0;
				TARGETED_DEVICE_FAMILY = 1;
			};
			name = Debug;
		};
		CE56ED7420F660B6002685BF /* Release */ = {
			isa = XCBuildConfiguration;
			baseConfigurationReference = 6540B505735340101B88F917 /* Pods-iTunesFinder.release.xcconfig */;
			buildSettings = {
				ASSETCATALOG_COMPILER_APPICON_NAME = AppIcon;
				CLANG_ENABLE_MODULES = YES;
				CODE_SIGN_STYLE = Automatic;
				DEVELOPMENT_TEAM = Q727LVLNPN;
				INFOPLIST_FILE = "$(SRCROOT)/iTunesFinder/Supporting Files/Info.plist";
				IPHONEOS_DEPLOYMENT_TARGET = 11.3;
				LD_RUNPATH_SEARCH_PATHS = (
					"$(inherited)",
					"@executable_path/Frameworks",
				);
				PRODUCT_BUNDLE_IDENTIFIER = com.frisma.iTunesFinder;
				PRODUCT_NAME = "$(TARGET_NAME)";
				SWIFT_VERSION = 4.0;
				TARGETED_DEVICE_FAMILY = 1;
			};
			name = Release;
		};
		CE56ED7620F660B6002685BF /* Debug */ = {
			isa = XCBuildConfiguration;
			baseConfigurationReference = 7C757E9152DC392589F6EAB5 /* Pods-iTunesFinderTests.debug.xcconfig */;
			buildSettings = {
				ALWAYS_EMBED_SWIFT_STANDARD_LIBRARIES = YES;
				BUNDLE_LOADER = "$(TEST_HOST)";
				CLANG_ENABLE_MODULES = YES;
				CODE_SIGN_STYLE = Automatic;
				DEVELOPMENT_TEAM = QY797FB22P;
				INFOPLIST_FILE = iTunesFinderTests/Info.plist;
				LD_RUNPATH_SEARCH_PATHS = (
					"$(inherited)",
					"@executable_path/Frameworks",
					"@loader_path/Frameworks",
				);
				PRODUCT_BUNDLE_IDENTIFIER = com.frisma.iTunesFinderTests;
				PRODUCT_NAME = "$(TARGET_NAME)";
				SWIFT_OPTIMIZATION_LEVEL = "-Onone";
				SWIFT_VERSION = 4.0;
				TARGETED_DEVICE_FAMILY = "1,2";
				TEST_HOST = "$(BUILT_PRODUCTS_DIR)/iTunesFinder.app/iTunesFinder";
			};
			name = Debug;
		};
		CE56ED7720F660B6002685BF /* Release */ = {
			isa = XCBuildConfiguration;
			baseConfigurationReference = A16E81D9BA1AD512B44AD0B3 /* Pods-iTunesFinderTests.release.xcconfig */;
			buildSettings = {
				ALWAYS_EMBED_SWIFT_STANDARD_LIBRARIES = YES;
				BUNDLE_LOADER = "$(TEST_HOST)";
				CLANG_ENABLE_MODULES = YES;
				CODE_SIGN_STYLE = Automatic;
				DEVELOPMENT_TEAM = QY797FB22P;
				INFOPLIST_FILE = iTunesFinderTests/Info.plist;
				LD_RUNPATH_SEARCH_PATHS = (
					"$(inherited)",
					"@executable_path/Frameworks",
					"@loader_path/Frameworks",
				);
				PRODUCT_BUNDLE_IDENTIFIER = com.frisma.iTunesFinderTests;
				PRODUCT_NAME = "$(TARGET_NAME)";
				SWIFT_VERSION = 4.0;
				TARGETED_DEVICE_FAMILY = "1,2";
				TEST_HOST = "$(BUILT_PRODUCTS_DIR)/iTunesFinder.app/iTunesFinder";
			};
			name = Release;
		};
/* End XCBuildConfiguration section */

/* Begin XCConfigurationList section */
		CE56ED5020F660B2002685BF /* Build configuration list for PBXProject "iTunesFinder" */ = {
			isa = XCConfigurationList;
			buildConfigurations = (
				CE56ED7020F660B6002685BF /* Debug */,
				CE56ED7120F660B6002685BF /* Release */,
			);
			defaultConfigurationIsVisible = 0;
			defaultConfigurationName = Release;
		};
		CE56ED7220F660B6002685BF /* Build configuration list for PBXNativeTarget "iTunesFinder" */ = {
			isa = XCConfigurationList;
			buildConfigurations = (
				CE56ED7320F660B6002685BF /* Debug */,
				CE56ED7420F660B6002685BF /* Release */,
			);
			defaultConfigurationIsVisible = 0;
			defaultConfigurationName = Release;
		};
		CE56ED7520F660B6002685BF /* Build configuration list for PBXNativeTarget "iTunesFinderTests" */ = {
			isa = XCConfigurationList;
			buildConfigurations = (
				CE56ED7620F660B6002685BF /* Debug */,
				CE56ED7720F660B6002685BF /* Release */,
			);
			defaultConfigurationIsVisible = 0;
			defaultConfigurationName = Release;
		};
/* End XCConfigurationList section */
	};
	rootObject = CE56ED4D20F660B2002685BF /* Project object */;
}
